// !$*UTF8*$!
{
	archiveVersion = 1;
	classes = {
	};
	objectVersion = 46;
	objects = {

/* Begin PBXBuildFile section */
		2C0CC6AF1B52CDBE00A06E1B /* UIFont+AppFont.m in Sources */ = {isa = PBXBuildFile; fileRef = 2C0CC6AE1B52CDBE00A06E1B /* UIFont+AppFont.m */; };
		2CB73DE61B54EB8A004B01B7 /* all_stations.plist in Resources */ = {isa = PBXBuildFile; fileRef = 2CB73DE41B54EB8A004B01B7 /* all_stations.plist */; };
		2CB73DE71B54EB8A004B01B7 /* wagon_types.plist in Resources */ = {isa = PBXBuildFile; fileRef = 2CB73DE51B54EB8A004B01B7 /* wagon_types.plist */; };
		2CB73DEA1B54EC79004B01B7 /* NSDictionary+WagonTypes.m in Sources */ = {isa = PBXBuildFile; fileRef = 2CB73DE91B54EC79004B01B7 /* NSDictionary+WagonTypes.m */; };
		2CB73DF21B54FDEF004B01B7 /* NSDateFormatter+SetDateFormat.m in Sources */ = {isa = PBXBuildFile; fileRef = 2CB73DF11B54FDEF004B01B7 /* NSDateFormatter+SetDateFormat.m */; };
		2CB73DF51B550883004B01B7 /* NSString+AppDateManager.m in Sources */ = {isa = PBXBuildFile; fileRef = 2CB73DF41B550883004B01B7 /* NSString+AppDateManager.m */; };
		2CD667BD1B542E2600C945C1 /* NSDate+AddDay.m in Sources */ = {isa = PBXBuildFile; fileRef = 2CD667BC1B542E2600C945C1 /* NSDate+AddDay.m */; };
		2CDA00031B526AE2003E2D27 /* ChoiseStationController.m in Sources */ = {isa = PBXBuildFile; fileRef = 2CDA00021B526AE2003E2D27 /* ChoiseStationController.m */; };
		2CDA00071B526AF6003E2D27 /* DateDepartureController.m in Sources */ = {isa = PBXBuildFile; fileRef = 2CDA00061B526AF6003E2D27 /* DateDepartureController.m */; };
		2CDA000B1B526B0B003E2D27 /* RoutesController.m in Sources */ = {isa = PBXBuildFile; fileRef = 2CDA000A1B526B0B003E2D27 /* RoutesController.m */; };
		2CDA000F1B526B1D003E2D27 /* SchemeController.m in Sources */ = {isa = PBXBuildFile; fileRef = 2CDA000E1B526B1D003E2D27 /* SchemeController.m */; };
		2CDA00131B526B2B003E2D27 /* WebViewController.m in Sources */ = {isa = PBXBuildFile; fileRef = 2CDA00121B526B2B003E2D27 /* WebViewController.m */; };
		2CDA00171B526B4B003E2D27 /* MyTicketsController.m in Sources */ = {isa = PBXBuildFile; fileRef = 2CDA00161B526B4B003E2D27 /* MyTicketsController.m */; };
		2CDA001B1B526B64003E2D27 /* MoreController.m in Sources */ = {isa = PBXBuildFile; fileRef = 2CDA001A1B526B64003E2D27 /* MoreController.m */; };
		2CDA001F1B526BD6003E2D27 /* NSArray+Stations.m in Sources */ = {isa = PBXBuildFile; fileRef = 2CDA001E1B526BD6003E2D27 /* NSArray+Stations.m */; };
		2CDA00231B526BDD003E2D27 /* NSString+ContainsStrModernizer.m in Sources */ = {isa = PBXBuildFile; fileRef = 2CDA00221B526BDD003E2D27 /* NSString+ContainsStrModernizer.m */; };
		2CDA002B1B526BEB003E2D27 /* NSURLRequest+IgnoreSSL.m in Sources */ = {isa = PBXBuildFile; fileRef = 2CDA002A1B526BEB003E2D27 /* NSURLRequest+IgnoreSSL.m */; };
		2CDA002F1B526BF1003E2D27 /* UIColor+ConvertHEX.m in Sources */ = {isa = PBXBuildFile; fileRef = 2CDA002E1B526BF1003E2D27 /* UIColor+ConvertHEX.m */; };
		2CDA00331B526BF7003E2D27 /* UIImage+ImageWithColor.m in Sources */ = {isa = PBXBuildFile; fileRef = 2CDA00321B526BF7003E2D27 /* UIImage+ImageWithColor.m */; };
		2CDA00371B526C2E003E2D27 /* PricesManager.m in Sources */ = {isa = PBXBuildFile; fileRef = 2CDA00361B526C2E003E2D27 /* PricesManager.m */; };
		2CDA003B1B526C34003E2D27 /* SessionManager.m in Sources */ = {isa = PBXBuildFile; fileRef = 2CDA003A1B526C34003E2D27 /* SessionManager.m */; };
		2CDAFFEF1B5268E6003E2D27 /* Localizable.strings in Resources */ = {isa = PBXBuildFile; fileRef = 2CDAFFEE1B5268E6003E2D27 /* Localizable.strings */; };
		2CDAFFF11B526970003E2D27 /* Images.xcassets in Resources */ = {isa = PBXBuildFile; fileRef = 2CDAFFF01B526970003E2D27 /* Images.xcassets */; };
		2CDAFFF51B5269D4003E2D27 /* AppDelegate.m in Sources */ = {isa = PBXBuildFile; fileRef = 2CDAFFF41B5269D4003E2D27 /* AppDelegate.m */; };
		2CDAFFFB1B526ABE003E2D27 /* PreStartController.m in Sources */ = {isa = PBXBuildFile; fileRef = 2CDAFFFA1B526ABE003E2D27 /* PreStartController.m */; };
		2CDAFFFF1B526ACF003E2D27 /* StartController.m in Sources */ = {isa = PBXBuildFile; fileRef = 2CDAFFFE1B526ACF003E2D27 /* StartController.m */; };
		2CE045D91B527BFD00DBC8A3 /* CustomButton.m in Sources */ = {isa = PBXBuildFile; fileRef = 2CE045D81B527BFD00DBC8A3 /* CustomButton.m */; };
		2CE045DE1B527C0500DBC8A3 /* RoutesCustomCell.m in Sources */ = {isa = PBXBuildFile; fileRef = 2CE045DC1B527C0500DBC8A3 /* RoutesCustomCell.m */; };
		2CE045DF1B527C0500DBC8A3 /* RoutesCustomCell.xib in Resources */ = {isa = PBXBuildFile; fileRef = 2CE045DD1B527C0500DBC8A3 /* RoutesCustomCell.xib */; };
		2CE045E41B527C0B00DBC8A3 /* SchemeType40.m in Sources */ = {isa = PBXBuildFile; fileRef = 2CE045E21B527C0B00DBC8A3 /* SchemeType40.m */; };
		2CE045E51B527C0B00DBC8A3 /* SchemeType40.xib in Resources */ = {isa = PBXBuildFile; fileRef = 2CE045E31B527C0B00DBC8A3 /* SchemeType40.xib */; };
		2CE045E91B527C1300DBC8A3 /* SplashSegue.m in Sources */ = {isa = PBXBuildFile; fileRef = 2CE045E81B527C1300DBC8A3 /* SplashSegue.m */; };
		3202F4E81AE52376006563FD /* AFHTTPRequestOperation.m in Sources */ = {isa = PBXBuildFile; fileRef = 3202F4D61AE52376006563FD /* AFHTTPRequestOperation.m */; };
		3202F4E91AE52376006563FD /* AFHTTPRequestOperationManager.m in Sources */ = {isa = PBXBuildFile; fileRef = 3202F4D81AE52376006563FD /* AFHTTPRequestOperationManager.m */; };
		3202F4EA1AE52376006563FD /* AFHTTPSessionManager.m in Sources */ = {isa = PBXBuildFile; fileRef = 3202F4DA1AE52376006563FD /* AFHTTPSessionManager.m */; };
		3202F4EB1AE52376006563FD /* AFNetworkReachabilityManager.m in Sources */ = {isa = PBXBuildFile; fileRef = 3202F4DD1AE52376006563FD /* AFNetworkReachabilityManager.m */; };
		3202F4EC1AE52376006563FD /* AFSecurityPolicy.m in Sources */ = {isa = PBXBuildFile; fileRef = 3202F4DF1AE52376006563FD /* AFSecurityPolicy.m */; };
		3202F4ED1AE52376006563FD /* AFURLConnectionOperation.m in Sources */ = {isa = PBXBuildFile; fileRef = 3202F4E11AE52376006563FD /* AFURLConnectionOperation.m */; };
		3202F4EE1AE52376006563FD /* AFURLRequestSerialization.m in Sources */ = {isa = PBXBuildFile; fileRef = 3202F4E31AE52376006563FD /* AFURLRequestSerialization.m */; };
		3202F4EF1AE52376006563FD /* AFURLResponseSerialization.m in Sources */ = {isa = PBXBuildFile; fileRef = 3202F4E51AE52376006563FD /* AFURLResponseSerialization.m */; };
		3202F4F01AE52376006563FD /* AFURLSessionManager.m in Sources */ = {isa = PBXBuildFile; fileRef = 3202F4E71AE52376006563FD /* AFURLSessionManager.m */; };
		321F7DBE1AE272BB005DAEFE /* DejalActivityView.m in Sources */ = {isa = PBXBuildFile; fileRef = 321F7D921AE272BB005DAEFE /* DejalActivityView.m */; };
		321F7DBF1AE272BB005DAEFE /* NSCalendar+RSDFAdditions.m in Sources */ = {isa = PBXBuildFile; fileRef = 321F7D951AE272BB005DAEFE /* NSCalendar+RSDFAdditions.m */; };
		321F7DC01AE272BB005DAEFE /* RSDFDatePickerCollectionView.m in Sources */ = {isa = PBXBuildFile; fileRef = 321F7D981AE272BB005DAEFE /* RSDFDatePickerCollectionView.m */; };
		321F7DC11AE272BB005DAEFE /* RSDFDatePickerCollectionViewLayout.m in Sources */ = {isa = PBXBuildFile; fileRef = 321F7D9A1AE272BB005DAEFE /* RSDFDatePickerCollectionViewLayout.m */; };
		321F7DC21AE272BB005DAEFE /* RSDFDatePickerDayCell.m in Sources */ = {isa = PBXBuildFile; fileRef = 321F7D9C1AE272BB005DAEFE /* RSDFDatePickerDayCell.m */; };
		321F7DC31AE272BB005DAEFE /* RSDFDatePickerDaysOfWeekView.m in Sources */ = {isa = PBXBuildFile; fileRef = 321F7D9E1AE272BB005DAEFE /* RSDFDatePickerDaysOfWeekView.m */; };
		321F7DC41AE272BB005DAEFE /* RSDFDatePickerMonthHeader.m in Sources */ = {isa = PBXBuildFile; fileRef = 321F7DA01AE272BB005DAEFE /* RSDFDatePickerMonthHeader.m */; };
		321F7DC51AE272BB005DAEFE /* RSDFDatePickerView.m in Sources */ = {isa = PBXBuildFile; fileRef = 321F7DA21AE272BB005DAEFE /* RSDFDatePickerView.m */; };
		321F7DC61AE272BB005DAEFE /* AFNetworkActivityIndicatorManager.m in Sources */ = {isa = PBXBuildFile; fileRef = 321F7DA51AE272BB005DAEFE /* AFNetworkActivityIndicatorManager.m */; };
		321F7DC71AE272BB005DAEFE /* UIActivityIndicatorView+AFNetworking.m in Sources */ = {isa = PBXBuildFile; fileRef = 321F7DA71AE272BB005DAEFE /* UIActivityIndicatorView+AFNetworking.m */; };
		321F7DC81AE272BB005DAEFE /* UIAlertView+AFNetworking.m in Sources */ = {isa = PBXBuildFile; fileRef = 321F7DA91AE272BB005DAEFE /* UIAlertView+AFNetworking.m */; };
		321F7DC91AE272BB005DAEFE /* UIButton+AFNetworking.m in Sources */ = {isa = PBXBuildFile; fileRef = 321F7DAB1AE272BB005DAEFE /* UIButton+AFNetworking.m */; };
		321F7DCA1AE272BB005DAEFE /* UIImageView+AFNetworking.m in Sources */ = {isa = PBXBuildFile; fileRef = 321F7DAD1AE272BB005DAEFE /* UIImageView+AFNetworking.m */; };
		321F7DCB1AE272BB005DAEFE /* UIProgressView+AFNetworking.m in Sources */ = {isa = PBXBuildFile; fileRef = 321F7DB01AE272BB005DAEFE /* UIProgressView+AFNetworking.m */; };
		321F7DCC1AE272BB005DAEFE /* UIRefreshControl+AFNetworking.m in Sources */ = {isa = PBXBuildFile; fileRef = 321F7DB21AE272BB005DAEFE /* UIRefreshControl+AFNetworking.m */; };
		321F7DCD1AE272BB005DAEFE /* UIWebView+AFNetworking.m in Sources */ = {isa = PBXBuildFile; fileRef = 321F7DB41AE272BB005DAEFE /* UIWebView+AFNetworking.m */; };
		321F7E051AE27850005DAEFE /* Route.m in Sources */ = {isa = PBXBuildFile; fileRef = 321F7E041AE27850005DAEFE /* Route.m */; };
		321F7E191AE28317005DAEFE /* Roboto-Black.ttf in Resources */ = {isa = PBXBuildFile; fileRef = 321F7E071AE28317005DAEFE /* Roboto-Black.ttf */; };
		321F7E1A1AE28317005DAEFE /* Roboto-BlackItalic.ttf in Resources */ = {isa = PBXBuildFile; fileRef = 321F7E081AE28317005DAEFE /* Roboto-BlackItalic.ttf */; };
		321F7E1B1AE28317005DAEFE /* Roboto-Bold.ttf in Resources */ = {isa = PBXBuildFile; fileRef = 321F7E091AE28317005DAEFE /* Roboto-Bold.ttf */; };
		321F7E1C1AE28317005DAEFE /* Roboto-BoldItalic.ttf in Resources */ = {isa = PBXBuildFile; fileRef = 321F7E0A1AE28317005DAEFE /* Roboto-BoldItalic.ttf */; };
		321F7E1D1AE28317005DAEFE /* Roboto-Italic.ttf in Resources */ = {isa = PBXBuildFile; fileRef = 321F7E0B1AE28317005DAEFE /* Roboto-Italic.ttf */; };
		321F7E1E1AE28317005DAEFE /* Roboto-Light.ttf in Resources */ = {isa = PBXBuildFile; fileRef = 321F7E0C1AE28317005DAEFE /* Roboto-Light.ttf */; };
		321F7E1F1AE28317005DAEFE /* Roboto-LightItalic.ttf in Resources */ = {isa = PBXBuildFile; fileRef = 321F7E0D1AE28317005DAEFE /* Roboto-LightItalic.ttf */; };
		321F7E201AE28317005DAEFE /* Roboto-Medium.ttf in Resources */ = {isa = PBXBuildFile; fileRef = 321F7E0E1AE28317005DAEFE /* Roboto-Medium.ttf */; };
		321F7E211AE28317005DAEFE /* Roboto-MediumItalic.ttf in Resources */ = {isa = PBXBuildFile; fileRef = 321F7E0F1AE28317005DAEFE /* Roboto-MediumItalic.ttf */; };
		321F7E221AE28317005DAEFE /* Roboto-Regular.ttf in Resources */ = {isa = PBXBuildFile; fileRef = 321F7E101AE28317005DAEFE /* Roboto-Regular.ttf */; };
		321F7E231AE28317005DAEFE /* Roboto-Thin.ttf in Resources */ = {isa = PBXBuildFile; fileRef = 321F7E111AE28317005DAEFE /* Roboto-Thin.ttf */; };
		321F7E241AE28317005DAEFE /* Roboto-ThinItalic.ttf in Resources */ = {isa = PBXBuildFile; fileRef = 321F7E121AE28317005DAEFE /* Roboto-ThinItalic.ttf */; };
		321F7E251AE28317005DAEFE /* RobotoCondensed-Bold.ttf in Resources */ = {isa = PBXBuildFile; fileRef = 321F7E131AE28317005DAEFE /* RobotoCondensed-Bold.ttf */; };
		321F7E261AE28317005DAEFE /* RobotoCondensed-BoldItalic.ttf in Resources */ = {isa = PBXBuildFile; fileRef = 321F7E141AE28317005DAEFE /* RobotoCondensed-BoldItalic.ttf */; };
		321F7E271AE28317005DAEFE /* RobotoCondensed-Italic.ttf in Resources */ = {isa = PBXBuildFile; fileRef = 321F7E151AE28317005DAEFE /* RobotoCondensed-Italic.ttf */; };
		321F7E281AE28317005DAEFE /* RobotoCondensed-Light.ttf in Resources */ = {isa = PBXBuildFile; fileRef = 321F7E161AE28317005DAEFE /* RobotoCondensed-Light.ttf */; };
		321F7E291AE28317005DAEFE /* RobotoCondensed-LightItalic.ttf in Resources */ = {isa = PBXBuildFile; fileRef = 321F7E171AE28317005DAEFE /* RobotoCondensed-LightItalic.ttf */; };
		321F7E2A1AE28317005DAEFE /* RobotoCondensed-Regular.ttf in Resources */ = {isa = PBXBuildFile; fileRef = 321F7E181AE28317005DAEFE /* RobotoCondensed-Regular.ttf */; };
		328D92D81AE25B76006BDD04 /* main.m in Sources */ = {isa = PBXBuildFile; fileRef = 328D92D71AE25B76006BDD04 /* main.m */; };
		328D92E41AE25B76006BDD04 /* Main.storyboard in Resources */ = {isa = PBXBuildFile; fileRef = 328D92E21AE25B76006BDD04 /* Main.storyboard */; };
		328D92E91AE25B76006BDD04 /* LaunchScreen.xib in Resources */ = {isa = PBXBuildFile; fileRef = 328D92E71AE25B76006BDD04 /* LaunchScreen.xib */; };
		328D92F51AE25B76006BDD04 /* TestAPIv4Tests.m in Sources */ = {isa = PBXBuildFile; fileRef = 328D92F41AE25B76006BDD04 /* TestAPIv4Tests.m */; };
/* End PBXBuildFile section */

/* Begin PBXContainerItemProxy section */
		328D92EF1AE25B76006BDD04 /* PBXContainerItemProxy */ = {
			isa = PBXContainerItemProxy;
			containerPortal = 328D92CA1AE25B76006BDD04 /* Project object */;
			proxyType = 1;
			remoteGlobalIDString = 328D92D11AE25B76006BDD04;
			remoteInfo = TestAPIv4;
		};
/* End PBXContainerItemProxy section */

/* Begin PBXFileReference section */
		2C0CC6AD1B52CDBE00A06E1B /* UIFont+AppFont.h */ = {isa = PBXFileReference; fileEncoding = 4; lastKnownFileType = sourcecode.c.h; path = "UIFont+AppFont.h"; sourceTree = "<group>"; };
		2C0CC6AE1B52CDBE00A06E1B /* UIFont+AppFont.m */ = {isa = PBXFileReference; fileEncoding = 4; lastKnownFileType = sourcecode.c.objc; path = "UIFont+AppFont.m"; sourceTree = "<group>"; };
		2CB73DE41B54EB8A004B01B7 /* all_stations.plist */ = {isa = PBXFileReference; fileEncoding = 4; lastKnownFileType = text.plist.xml; path = all_stations.plist; sourceTree = "<group>"; };
		2CB73DE51B54EB8A004B01B7 /* wagon_types.plist */ = {isa = PBXFileReference; fileEncoding = 4; lastKnownFileType = text.plist.xml; path = wagon_types.plist; sourceTree = "<group>"; };
		2CB73DE81B54EC79004B01B7 /* NSDictionary+WagonTypes.h */ = {isa = PBXFileReference; fileEncoding = 4; lastKnownFileType = sourcecode.c.h; name = "NSDictionary+WagonTypes.h"; path = "NSDictionary+WagonTypes/NSDictionary+WagonTypes.h"; sourceTree = "<group>"; };
		2CB73DE91B54EC79004B01B7 /* NSDictionary+WagonTypes.m */ = {isa = PBXFileReference; fileEncoding = 4; lastKnownFileType = sourcecode.c.objc; name = "NSDictionary+WagonTypes.m"; path = "NSDictionary+WagonTypes/NSDictionary+WagonTypes.m"; sourceTree = "<group>"; };
		2CB73DF01B54FDEF004B01B7 /* NSDateFormatter+SetDateFormat.h */ = {isa = PBXFileReference; fileEncoding = 4; lastKnownFileType = sourcecode.c.h; path = "NSDateFormatter+SetDateFormat.h"; sourceTree = "<group>"; };
		2CB73DF11B54FDEF004B01B7 /* NSDateFormatter+SetDateFormat.m */ = {isa = PBXFileReference; fileEncoding = 4; lastKnownFileType = sourcecode.c.objc; path = "NSDateFormatter+SetDateFormat.m"; sourceTree = "<group>"; };
		2CB73DF31B550883004B01B7 /* NSString+AppDateManager.h */ = {isa = PBXFileReference; fileEncoding = 4; lastKnownFileType = sourcecode.c.h; path = "NSString+AppDateManager.h"; sourceTree = "<group>"; };
		2CB73DF41B550883004B01B7 /* NSString+AppDateManager.m */ = {isa = PBXFileReference; fileEncoding = 4; lastKnownFileType = sourcecode.c.objc; path = "NSString+AppDateManager.m"; sourceTree = "<group>"; };
		2CD667BB1B542E2600C945C1 /* NSDate+AddDay.h */ = {isa = PBXFileReference; fileEncoding = 4; lastKnownFileType = sourcecode.c.h; name = "NSDate+AddDay.h"; path = "NSDate+AddDay/NSDate+AddDay.h"; sourceTree = "<group>"; };
		2CD667BC1B542E2600C945C1 /* NSDate+AddDay.m */ = {isa = PBXFileReference; fileEncoding = 4; lastKnownFileType = sourcecode.c.objc; name = "NSDate+AddDay.m"; path = "NSDate+AddDay/NSDate+AddDay.m"; sourceTree = "<group>"; };
		2CDA00011B526AE2003E2D27 /* ChoiseStationController.h */ = {isa = PBXFileReference; fileEncoding = 4; lastKnownFileType = sourcecode.c.h; path = ChoiseStationController.h; sourceTree = "<group>"; };
		2CDA00021B526AE2003E2D27 /* ChoiseStationController.m */ = {isa = PBXFileReference; fileEncoding = 4; lastKnownFileType = sourcecode.c.objc; path = ChoiseStationController.m; sourceTree = "<group>"; };
		2CDA00051B526AF6003E2D27 /* DateDepartureController.h */ = {isa = PBXFileReference; fileEncoding = 4; lastKnownFileType = sourcecode.c.h; path = DateDepartureController.h; sourceTree = "<group>"; };
		2CDA00061B526AF6003E2D27 /* DateDepartureController.m */ = {isa = PBXFileReference; fileEncoding = 4; lastKnownFileType = sourcecode.c.objc; path = DateDepartureController.m; sourceTree = "<group>"; };
		2CDA00091B526B0B003E2D27 /* RoutesController.h */ = {isa = PBXFileReference; fileEncoding = 4; lastKnownFileType = sourcecode.c.h; path = RoutesController.h; sourceTree = "<group>"; };
		2CDA000A1B526B0B003E2D27 /* RoutesController.m */ = {isa = PBXFileReference; fileEncoding = 4; lastKnownFileType = sourcecode.c.objc; path = RoutesController.m; sourceTree = "<group>"; };
		2CDA000D1B526B1D003E2D27 /* SchemeController.h */ = {isa = PBXFileReference; fileEncoding = 4; lastKnownFileType = sourcecode.c.h; path = SchemeController.h; sourceTree = "<group>"; };
		2CDA000E1B526B1D003E2D27 /* SchemeController.m */ = {isa = PBXFileReference; fileEncoding = 4; lastKnownFileType = sourcecode.c.objc; path = SchemeController.m; sourceTree = "<group>"; };
		2CDA00111B526B2B003E2D27 /* WebViewController.h */ = {isa = PBXFileReference; fileEncoding = 4; lastKnownFileType = sourcecode.c.h; path = WebViewController.h; sourceTree = "<group>"; };
		2CDA00121B526B2B003E2D27 /* WebViewController.m */ = {isa = PBXFileReference; fileEncoding = 4; lastKnownFileType = sourcecode.c.objc; path = WebViewController.m; sourceTree = "<group>"; };
		2CDA00151B526B4B003E2D27 /* MyTicketsController.h */ = {isa = PBXFileReference; fileEncoding = 4; lastKnownFileType = sourcecode.c.h; path = MyTicketsController.h; sourceTree = "<group>"; };
		2CDA00161B526B4B003E2D27 /* MyTicketsController.m */ = {isa = PBXFileReference; fileEncoding = 4; lastKnownFileType = sourcecode.c.objc; path = MyTicketsController.m; sourceTree = "<group>"; };
		2CDA00191B526B64003E2D27 /* MoreController.h */ = {isa = PBXFileReference; fileEncoding = 4; lastKnownFileType = sourcecode.c.h; path = MoreController.h; sourceTree = "<group>"; };
		2CDA001A1B526B64003E2D27 /* MoreController.m */ = {isa = PBXFileReference; fileEncoding = 4; lastKnownFileType = sourcecode.c.objc; path = MoreController.m; sourceTree = "<group>"; };
		2CDA001D1B526BD6003E2D27 /* NSArray+Stations.h */ = {isa = PBXFileReference; fileEncoding = 4; lastKnownFileType = sourcecode.c.h; path = "NSArray+Stations.h"; sourceTree = "<group>"; };
		2CDA001E1B526BD6003E2D27 /* NSArray+Stations.m */ = {isa = PBXFileReference; fileEncoding = 4; lastKnownFileType = sourcecode.c.objc; path = "NSArray+Stations.m"; sourceTree = "<group>"; };
		2CDA00211B526BDD003E2D27 /* NSString+ContainsStrModernizer.h */ = {isa = PBXFileReference; fileEncoding = 4; lastKnownFileType = sourcecode.c.h; path = "NSString+ContainsStrModernizer.h"; sourceTree = "<group>"; };
		2CDA00221B526BDD003E2D27 /* NSString+ContainsStrModernizer.m */ = {isa = PBXFileReference; fileEncoding = 4; lastKnownFileType = sourcecode.c.objc; path = "NSString+ContainsStrModernizer.m"; sourceTree = "<group>"; };
		2CDA00291B526BEB003E2D27 /* NSURLRequest+IgnoreSSL.h */ = {isa = PBXFileReference; fileEncoding = 4; lastKnownFileType = sourcecode.c.h; path = "NSURLRequest+IgnoreSSL.h"; sourceTree = "<group>"; };
		2CDA002A1B526BEB003E2D27 /* NSURLRequest+IgnoreSSL.m */ = {isa = PBXFileReference; fileEncoding = 4; lastKnownFileType = sourcecode.c.objc; path = "NSURLRequest+IgnoreSSL.m"; sourceTree = "<group>"; };
		2CDA002D1B526BF1003E2D27 /* UIColor+ConvertHEX.h */ = {isa = PBXFileReference; fileEncoding = 4; lastKnownFileType = sourcecode.c.h; path = "UIColor+ConvertHEX.h"; sourceTree = "<group>"; };
		2CDA002E1B526BF1003E2D27 /* UIColor+ConvertHEX.m */ = {isa = PBXFileReference; fileEncoding = 4; lastKnownFileType = sourcecode.c.objc; path = "UIColor+ConvertHEX.m"; sourceTree = "<group>"; };
		2CDA00311B526BF7003E2D27 /* UIImage+ImageWithColor.h */ = {isa = PBXFileReference; fileEncoding = 4; lastKnownFileType = sourcecode.c.h; path = "UIImage+ImageWithColor.h"; sourceTree = "<group>"; };
		2CDA00321B526BF7003E2D27 /* UIImage+ImageWithColor.m */ = {isa = PBXFileReference; fileEncoding = 4; lastKnownFileType = sourcecode.c.objc; path = "UIImage+ImageWithColor.m"; sourceTree = "<group>"; };
		2CDA00351B526C2E003E2D27 /* PricesManager.h */ = {isa = PBXFileReference; fileEncoding = 4; lastKnownFileType = sourcecode.c.h; path = PricesManager.h; sourceTree = "<group>"; };
		2CDA00361B526C2E003E2D27 /* PricesManager.m */ = {isa = PBXFileReference; fileEncoding = 4; lastKnownFileType = sourcecode.c.objc; path = PricesManager.m; sourceTree = "<group>"; };
		2CDA00391B526C34003E2D27 /* SessionManager.h */ = {isa = PBXFileReference; fileEncoding = 4; lastKnownFileType = sourcecode.c.h; path = SessionManager.h; sourceTree = "<group>"; };
		2CDA003A1B526C34003E2D27 /* SessionManager.m */ = {isa = PBXFileReference; fileEncoding = 4; lastKnownFileType = sourcecode.c.objc; path = SessionManager.m; sourceTree = "<group>"; };
		2CDAFFE51B525FA3003E2D27 /* Constants.h */ = {isa = PBXFileReference; fileEncoding = 4; lastKnownFileType = sourcecode.c.h; name = Constants.h; path = SupportingFiles/Constants.h; sourceTree = "<group>"; };
		2CDAFFE61B525FA3003E2D27 /* PrefixHeader.pch */ = {isa = PBXFileReference; fileEncoding = 4; lastKnownFileType = sourcecode.c.h; name = PrefixHeader.pch; path = SupportingFiles/PrefixHeader.pch; sourceTree = "<group>"; };
		2CDAFFEE1B5268E6003E2D27 /* Localizable.strings */ = {isa = PBXFileReference; fileEncoding = 4; lastKnownFileType = text.plist.strings; name = Localizable.strings; path = Resources/Localizable.strings; sourceTree = "<group>"; };
		2CDAFFF01B526970003E2D27 /* Images.xcassets */ = {isa = PBXFileReference; lastKnownFileType = folder.assetcatalog; name = Images.xcassets; path = Resources/Images.xcassets; sourceTree = "<group>"; };
		2CDAFFF31B5269D4003E2D27 /* AppDelegate.h */ = {isa = PBXFileReference; fileEncoding = 4; lastKnownFileType = sourcecode.c.h; path = AppDelegate.h; sourceTree = "<group>"; };
		2CDAFFF41B5269D4003E2D27 /* AppDelegate.m */ = {isa = PBXFileReference; fileEncoding = 4; lastKnownFileType = sourcecode.c.objc; path = AppDelegate.m; sourceTree = "<group>"; };
		2CDAFFF91B526ABE003E2D27 /* PreStartController.h */ = {isa = PBXFileReference; fileEncoding = 4; lastKnownFileType = sourcecode.c.h; path = PreStartController.h; sourceTree = "<group>"; };
		2CDAFFFA1B526ABE003E2D27 /* PreStartController.m */ = {isa = PBXFileReference; fileEncoding = 4; lastKnownFileType = sourcecode.c.objc; path = PreStartController.m; sourceTree = "<group>"; };
		2CDAFFFD1B526ACF003E2D27 /* StartController.h */ = {isa = PBXFileReference; fileEncoding = 4; lastKnownFileType = sourcecode.c.h; path = StartController.h; sourceTree = "<group>"; };
		2CDAFFFE1B526ACF003E2D27 /* StartController.m */ = {isa = PBXFileReference; fileEncoding = 4; lastKnownFileType = sourcecode.c.objc; path = StartController.m; sourceTree = "<group>"; };
		2CE045D71B527BFD00DBC8A3 /* CustomButton.h */ = {isa = PBXFileReference; fileEncoding = 4; lastKnownFileType = sourcecode.c.h; path = CustomButton.h; sourceTree = "<group>"; };
		2CE045D81B527BFD00DBC8A3 /* CustomButton.m */ = {isa = PBXFileReference; fileEncoding = 4; lastKnownFileType = sourcecode.c.objc; path = CustomButton.m; sourceTree = "<group>"; };
		2CE045DB1B527C0500DBC8A3 /* RoutesCustomCell.h */ = {isa = PBXFileReference; fileEncoding = 4; lastKnownFileType = sourcecode.c.h; path = RoutesCustomCell.h; sourceTree = "<group>"; };
		2CE045DC1B527C0500DBC8A3 /* RoutesCustomCell.m */ = {isa = PBXFileReference; fileEncoding = 4; lastKnownFileType = sourcecode.c.objc; path = RoutesCustomCell.m; sourceTree = "<group>"; };
		2CE045DD1B527C0500DBC8A3 /* RoutesCustomCell.xib */ = {isa = PBXFileReference; fileEncoding = 4; lastKnownFileType = file.xib; path = RoutesCustomCell.xib; sourceTree = "<group>"; };
		2CE045E11B527C0B00DBC8A3 /* SchemeType40.h */ = {isa = PBXFileReference; fileEncoding = 4; lastKnownFileType = sourcecode.c.h; path = SchemeType40.h; sourceTree = "<group>"; };
		2CE045E21B527C0B00DBC8A3 /* SchemeType40.m */ = {isa = PBXFileReference; fileEncoding = 4; lastKnownFileType = sourcecode.c.objc; path = SchemeType40.m; sourceTree = "<group>"; };
		2CE045E31B527C0B00DBC8A3 /* SchemeType40.xib */ = {isa = PBXFileReference; fileEncoding = 4; lastKnownFileType = file.xib; path = SchemeType40.xib; sourceTree = "<group>"; };
		2CE045E71B527C1300DBC8A3 /* SplashSegue.h */ = {isa = PBXFileReference; fileEncoding = 4; lastKnownFileType = sourcecode.c.h; path = SplashSegue.h; sourceTree = "<group>"; };
		2CE045E81B527C1300DBC8A3 /* SplashSegue.m */ = {isa = PBXFileReference; fileEncoding = 4; lastKnownFileType = sourcecode.c.objc; path = SplashSegue.m; sourceTree = "<group>"; };
		3202F4D51AE52376006563FD /* AFHTTPRequestOperation.h */ = {isa = PBXFileReference; fileEncoding = 4; lastKnownFileType = sourcecode.c.h; path = AFHTTPRequestOperation.h; sourceTree = "<group>"; };
		3202F4D61AE52376006563FD /* AFHTTPRequestOperation.m */ = {isa = PBXFileReference; fileEncoding = 4; lastKnownFileType = sourcecode.c.objc; path = AFHTTPRequestOperation.m; sourceTree = "<group>"; };
		3202F4D71AE52376006563FD /* AFHTTPRequestOperationManager.h */ = {isa = PBXFileReference; fileEncoding = 4; lastKnownFileType = sourcecode.c.h; path = AFHTTPRequestOperationManager.h; sourceTree = "<group>"; };
		3202F4D81AE52376006563FD /* AFHTTPRequestOperationManager.m */ = {isa = PBXFileReference; fileEncoding = 4; lastKnownFileType = sourcecode.c.objc; path = AFHTTPRequestOperationManager.m; sourceTree = "<group>"; };
		3202F4D91AE52376006563FD /* AFHTTPSessionManager.h */ = {isa = PBXFileReference; fileEncoding = 4; lastKnownFileType = sourcecode.c.h; path = AFHTTPSessionManager.h; sourceTree = "<group>"; };
		3202F4DA1AE52376006563FD /* AFHTTPSessionManager.m */ = {isa = PBXFileReference; fileEncoding = 4; lastKnownFileType = sourcecode.c.objc; path = AFHTTPSessionManager.m; sourceTree = "<group>"; };
		3202F4DB1AE52376006563FD /* AFNetworking.h */ = {isa = PBXFileReference; fileEncoding = 4; lastKnownFileType = sourcecode.c.h; path = AFNetworking.h; sourceTree = "<group>"; };
		3202F4DC1AE52376006563FD /* AFNetworkReachabilityManager.h */ = {isa = PBXFileReference; fileEncoding = 4; lastKnownFileType = sourcecode.c.h; path = AFNetworkReachabilityManager.h; sourceTree = "<group>"; };
		3202F4DD1AE52376006563FD /* AFNetworkReachabilityManager.m */ = {isa = PBXFileReference; fileEncoding = 4; lastKnownFileType = sourcecode.c.objc; path = AFNetworkReachabilityManager.m; sourceTree = "<group>"; };
		3202F4DE1AE52376006563FD /* AFSecurityPolicy.h */ = {isa = PBXFileReference; fileEncoding = 4; lastKnownFileType = sourcecode.c.h; path = AFSecurityPolicy.h; sourceTree = "<group>"; };
		3202F4DF1AE52376006563FD /* AFSecurityPolicy.m */ = {isa = PBXFileReference; fileEncoding = 4; lastKnownFileType = sourcecode.c.objc; path = AFSecurityPolicy.m; sourceTree = "<group>"; };
		3202F4E01AE52376006563FD /* AFURLConnectionOperation.h */ = {isa = PBXFileReference; fileEncoding = 4; lastKnownFileType = sourcecode.c.h; path = AFURLConnectionOperation.h; sourceTree = "<group>"; };
		3202F4E11AE52376006563FD /* AFURLConnectionOperation.m */ = {isa = PBXFileReference; fileEncoding = 4; lastKnownFileType = sourcecode.c.objc; path = AFURLConnectionOperation.m; sourceTree = "<group>"; };
		3202F4E21AE52376006563FD /* AFURLRequestSerialization.h */ = {isa = PBXFileReference; fileEncoding = 4; lastKnownFileType = sourcecode.c.h; path = AFURLRequestSerialization.h; sourceTree = "<group>"; };
		3202F4E31AE52376006563FD /* AFURLRequestSerialization.m */ = {isa = PBXFileReference; fileEncoding = 4; lastKnownFileType = sourcecode.c.objc; path = AFURLRequestSerialization.m; sourceTree = "<group>"; };
		3202F4E41AE52376006563FD /* AFURLResponseSerialization.h */ = {isa = PBXFileReference; fileEncoding = 4; lastKnownFileType = sourcecode.c.h; path = AFURLResponseSerialization.h; sourceTree = "<group>"; };
		3202F4E51AE52376006563FD /* AFURLResponseSerialization.m */ = {isa = PBXFileReference; fileEncoding = 4; lastKnownFileType = sourcecode.c.objc; path = AFURLResponseSerialization.m; sourceTree = "<group>"; };
		3202F4E61AE52376006563FD /* AFURLSessionManager.h */ = {isa = PBXFileReference; fileEncoding = 4; lastKnownFileType = sourcecode.c.h; path = AFURLSessionManager.h; sourceTree = "<group>"; };
		3202F4E71AE52376006563FD /* AFURLSessionManager.m */ = {isa = PBXFileReference; fileEncoding = 4; lastKnownFileType = sourcecode.c.objc; path = AFURLSessionManager.m; sourceTree = "<group>"; };
		321F7D911AE272BB005DAEFE /* DejalActivityView.h */ = {isa = PBXFileReference; fileEncoding = 4; lastKnownFileType = sourcecode.c.h; path = DejalActivityView.h; sourceTree = "<group>"; };
		321F7D921AE272BB005DAEFE /* DejalActivityView.m */ = {isa = PBXFileReference; fileEncoding = 4; lastKnownFileType = sourcecode.c.objc; path = DejalActivityView.m; sourceTree = "<group>"; };
		321F7D941AE272BB005DAEFE /* NSCalendar+RSDFAdditions.h */ = {isa = PBXFileReference; fileEncoding = 4; lastKnownFileType = sourcecode.c.h; path = "NSCalendar+RSDFAdditions.h"; sourceTree = "<group>"; };
		321F7D951AE272BB005DAEFE /* NSCalendar+RSDFAdditions.m */ = {isa = PBXFileReference; fileEncoding = 4; lastKnownFileType = sourcecode.c.objc; path = "NSCalendar+RSDFAdditions.m"; sourceTree = "<group>"; };
		321F7D961AE272BB005DAEFE /* RSDayFlow.h */ = {isa = PBXFileReference; fileEncoding = 4; lastKnownFileType = sourcecode.c.h; path = RSDayFlow.h; sourceTree = "<group>"; };
		321F7D971AE272BB005DAEFE /* RSDFDatePickerCollectionView.h */ = {isa = PBXFileReference; fileEncoding = 4; lastKnownFileType = sourcecode.c.h; path = RSDFDatePickerCollectionView.h; sourceTree = "<group>"; };
		321F7D981AE272BB005DAEFE /* RSDFDatePickerCollectionView.m */ = {isa = PBXFileReference; fileEncoding = 4; lastKnownFileType = sourcecode.c.objc; path = RSDFDatePickerCollectionView.m; sourceTree = "<group>"; };
		321F7D991AE272BB005DAEFE /* RSDFDatePickerCollectionViewLayout.h */ = {isa = PBXFileReference; fileEncoding = 4; lastKnownFileType = sourcecode.c.h; path = RSDFDatePickerCollectionViewLayout.h; sourceTree = "<group>"; };
		321F7D9A1AE272BB005DAEFE /* RSDFDatePickerCollectionViewLayout.m */ = {isa = PBXFileReference; fileEncoding = 4; lastKnownFileType = sourcecode.c.objc; path = RSDFDatePickerCollectionViewLayout.m; sourceTree = "<group>"; };
		321F7D9B1AE272BB005DAEFE /* RSDFDatePickerDayCell.h */ = {isa = PBXFileReference; fileEncoding = 4; lastKnownFileType = sourcecode.c.h; path = RSDFDatePickerDayCell.h; sourceTree = "<group>"; };
		321F7D9C1AE272BB005DAEFE /* RSDFDatePickerDayCell.m */ = {isa = PBXFileReference; fileEncoding = 4; lastKnownFileType = sourcecode.c.objc; path = RSDFDatePickerDayCell.m; sourceTree = "<group>"; };
		321F7D9D1AE272BB005DAEFE /* RSDFDatePickerDaysOfWeekView.h */ = {isa = PBXFileReference; fileEncoding = 4; lastKnownFileType = sourcecode.c.h; path = RSDFDatePickerDaysOfWeekView.h; sourceTree = "<group>"; };
		321F7D9E1AE272BB005DAEFE /* RSDFDatePickerDaysOfWeekView.m */ = {isa = PBXFileReference; fileEncoding = 4; lastKnownFileType = sourcecode.c.objc; path = RSDFDatePickerDaysOfWeekView.m; sourceTree = "<group>"; };
		321F7D9F1AE272BB005DAEFE /* RSDFDatePickerMonthHeader.h */ = {isa = PBXFileReference; fileEncoding = 4; lastKnownFileType = sourcecode.c.h; path = RSDFDatePickerMonthHeader.h; sourceTree = "<group>"; };
		321F7DA01AE272BB005DAEFE /* RSDFDatePickerMonthHeader.m */ = {isa = PBXFileReference; fileEncoding = 4; lastKnownFileType = sourcecode.c.objc; path = RSDFDatePickerMonthHeader.m; sourceTree = "<group>"; };
		321F7DA11AE272BB005DAEFE /* RSDFDatePickerView.h */ = {isa = PBXFileReference; fileEncoding = 4; lastKnownFileType = sourcecode.c.h; path = RSDFDatePickerView.h; sourceTree = "<group>"; };
		321F7DA21AE272BB005DAEFE /* RSDFDatePickerView.m */ = {isa = PBXFileReference; fileEncoding = 4; lastKnownFileType = sourcecode.c.objc; path = RSDFDatePickerView.m; sourceTree = "<group>"; };
		321F7DA41AE272BB005DAEFE /* AFNetworkActivityIndicatorManager.h */ = {isa = PBXFileReference; fileEncoding = 4; lastKnownFileType = sourcecode.c.h; path = AFNetworkActivityIndicatorManager.h; sourceTree = "<group>"; };
		321F7DA51AE272BB005DAEFE /* AFNetworkActivityIndicatorManager.m */ = {isa = PBXFileReference; fileEncoding = 4; lastKnownFileType = sourcecode.c.objc; path = AFNetworkActivityIndicatorManager.m; sourceTree = "<group>"; };
		321F7DA61AE272BB005DAEFE /* UIActivityIndicatorView+AFNetworking.h */ = {isa = PBXFileReference; fileEncoding = 4; lastKnownFileType = sourcecode.c.h; path = "UIActivityIndicatorView+AFNetworking.h"; sourceTree = "<group>"; };
		321F7DA71AE272BB005DAEFE /* UIActivityIndicatorView+AFNetworking.m */ = {isa = PBXFileReference; fileEncoding = 4; lastKnownFileType = sourcecode.c.objc; path = "UIActivityIndicatorView+AFNetworking.m"; sourceTree = "<group>"; };
		321F7DA81AE272BB005DAEFE /* UIAlertView+AFNetworking.h */ = {isa = PBXFileReference; fileEncoding = 4; lastKnownFileType = sourcecode.c.h; path = "UIAlertView+AFNetworking.h"; sourceTree = "<group>"; };
		321F7DA91AE272BB005DAEFE /* UIAlertView+AFNetworking.m */ = {isa = PBXFileReference; fileEncoding = 4; lastKnownFileType = sourcecode.c.objc; path = "UIAlertView+AFNetworking.m"; sourceTree = "<group>"; };
		321F7DAA1AE272BB005DAEFE /* UIButton+AFNetworking.h */ = {isa = PBXFileReference; fileEncoding = 4; lastKnownFileType = sourcecode.c.h; path = "UIButton+AFNetworking.h"; sourceTree = "<group>"; };
		321F7DAB1AE272BB005DAEFE /* UIButton+AFNetworking.m */ = {isa = PBXFileReference; fileEncoding = 4; lastKnownFileType = sourcecode.c.objc; path = "UIButton+AFNetworking.m"; sourceTree = "<group>"; };
		321F7DAC1AE272BB005DAEFE /* UIImageView+AFNetworking.h */ = {isa = PBXFileReference; fileEncoding = 4; lastKnownFileType = sourcecode.c.h; path = "UIImageView+AFNetworking.h"; sourceTree = "<group>"; };
		321F7DAD1AE272BB005DAEFE /* UIImageView+AFNetworking.m */ = {isa = PBXFileReference; fileEncoding = 4; lastKnownFileType = sourcecode.c.objc; path = "UIImageView+AFNetworking.m"; sourceTree = "<group>"; };
		321F7DAE1AE272BB005DAEFE /* UIKit+AFNetworking.h */ = {isa = PBXFileReference; fileEncoding = 4; lastKnownFileType = sourcecode.c.h; path = "UIKit+AFNetworking.h"; sourceTree = "<group>"; };
		321F7DAF1AE272BB005DAEFE /* UIProgressView+AFNetworking.h */ = {isa = PBXFileReference; fileEncoding = 4; lastKnownFileType = sourcecode.c.h; path = "UIProgressView+AFNetworking.h"; sourceTree = "<group>"; };
		321F7DB01AE272BB005DAEFE /* UIProgressView+AFNetworking.m */ = {isa = PBXFileReference; fileEncoding = 4; lastKnownFileType = sourcecode.c.objc; path = "UIProgressView+AFNetworking.m"; sourceTree = "<group>"; };
		321F7DB11AE272BB005DAEFE /* UIRefreshControl+AFNetworking.h */ = {isa = PBXFileReference; fileEncoding = 4; lastKnownFileType = sourcecode.c.h; path = "UIRefreshControl+AFNetworking.h"; sourceTree = "<group>"; };
		321F7DB21AE272BB005DAEFE /* UIRefreshControl+AFNetworking.m */ = {isa = PBXFileReference; fileEncoding = 4; lastKnownFileType = sourcecode.c.objc; path = "UIRefreshControl+AFNetworking.m"; sourceTree = "<group>"; };
		321F7DB31AE272BB005DAEFE /* UIWebView+AFNetworking.h */ = {isa = PBXFileReference; fileEncoding = 4; lastKnownFileType = sourcecode.c.h; path = "UIWebView+AFNetworking.h"; sourceTree = "<group>"; };
		321F7DB41AE272BB005DAEFE /* UIWebView+AFNetworking.m */ = {isa = PBXFileReference; fileEncoding = 4; lastKnownFileType = sourcecode.c.objc; path = "UIWebView+AFNetworking.m"; sourceTree = "<group>"; };
		321F7E031AE27850005DAEFE /* Route.h */ = {isa = PBXFileReference; fileEncoding = 4; lastKnownFileType = sourcecode.c.h; path = Route.h; sourceTree = "<group>"; };
		321F7E041AE27850005DAEFE /* Route.m */ = {isa = PBXFileReference; fileEncoding = 4; lastKnownFileType = sourcecode.c.objc; path = Route.m; sourceTree = "<group>"; };
		321F7E071AE28317005DAEFE /* Roboto-Black.ttf */ = {isa = PBXFileReference; lastKnownFileType = file; path = "Roboto-Black.ttf"; sourceTree = "<group>"; };
		321F7E081AE28317005DAEFE /* Roboto-BlackItalic.ttf */ = {isa = PBXFileReference; lastKnownFileType = file; path = "Roboto-BlackItalic.ttf"; sourceTree = "<group>"; };
		321F7E091AE28317005DAEFE /* Roboto-Bold.ttf */ = {isa = PBXFileReference; lastKnownFileType = file; path = "Roboto-Bold.ttf"; sourceTree = "<group>"; };
		321F7E0A1AE28317005DAEFE /* Roboto-BoldItalic.ttf */ = {isa = PBXFileReference; lastKnownFileType = file; path = "Roboto-BoldItalic.ttf"; sourceTree = "<group>"; };
		321F7E0B1AE28317005DAEFE /* Roboto-Italic.ttf */ = {isa = PBXFileReference; lastKnownFileType = file; path = "Roboto-Italic.ttf"; sourceTree = "<group>"; };
		321F7E0C1AE28317005DAEFE /* Roboto-Light.ttf */ = {isa = PBXFileReference; lastKnownFileType = file; path = "Roboto-Light.ttf"; sourceTree = "<group>"; };
		321F7E0D1AE28317005DAEFE /* Roboto-LightItalic.ttf */ = {isa = PBXFileReference; lastKnownFileType = file; path = "Roboto-LightItalic.ttf"; sourceTree = "<group>"; };
		321F7E0E1AE28317005DAEFE /* Roboto-Medium.ttf */ = {isa = PBXFileReference; lastKnownFileType = file; path = "Roboto-Medium.ttf"; sourceTree = "<group>"; };
		321F7E0F1AE28317005DAEFE /* Roboto-MediumItalic.ttf */ = {isa = PBXFileReference; lastKnownFileType = file; path = "Roboto-MediumItalic.ttf"; sourceTree = "<group>"; };
		321F7E101AE28317005DAEFE /* Roboto-Regular.ttf */ = {isa = PBXFileReference; lastKnownFileType = file; path = "Roboto-Regular.ttf"; sourceTree = "<group>"; };
		321F7E111AE28317005DAEFE /* Roboto-Thin.ttf */ = {isa = PBXFileReference; lastKnownFileType = file; path = "Roboto-Thin.ttf"; sourceTree = "<group>"; };
		321F7E121AE28317005DAEFE /* Roboto-ThinItalic.ttf */ = {isa = PBXFileReference; lastKnownFileType = file; path = "Roboto-ThinItalic.ttf"; sourceTree = "<group>"; };
		321F7E131AE28317005DAEFE /* RobotoCondensed-Bold.ttf */ = {isa = PBXFileReference; lastKnownFileType = file; path = "RobotoCondensed-Bold.ttf"; sourceTree = "<group>"; };
		321F7E141AE28317005DAEFE /* RobotoCondensed-BoldItalic.ttf */ = {isa = PBXFileReference; lastKnownFileType = file; path = "RobotoCondensed-BoldItalic.ttf"; sourceTree = "<group>"; };
		321F7E151AE28317005DAEFE /* RobotoCondensed-Italic.ttf */ = {isa = PBXFileReference; lastKnownFileType = file; path = "RobotoCondensed-Italic.ttf"; sourceTree = "<group>"; };
		321F7E161AE28317005DAEFE /* RobotoCondensed-Light.ttf */ = {isa = PBXFileReference; lastKnownFileType = file; path = "RobotoCondensed-Light.ttf"; sourceTree = "<group>"; };
		321F7E171AE28317005DAEFE /* RobotoCondensed-LightItalic.ttf */ = {isa = PBXFileReference; lastKnownFileType = file; path = "RobotoCondensed-LightItalic.ttf"; sourceTree = "<group>"; };
		321F7E181AE28317005DAEFE /* RobotoCondensed-Regular.ttf */ = {isa = PBXFileReference; lastKnownFileType = file; path = "RobotoCondensed-Regular.ttf"; sourceTree = "<group>"; };
		328D92D21AE25B76006BDD04 /* TestAPIv4.app */ = {isa = PBXFileReference; explicitFileType = wrapper.application; includeInIndex = 0; path = TestAPIv4.app; sourceTree = BUILT_PRODUCTS_DIR; };
		328D92D61AE25B76006BDD04 /* Info.plist */ = {isa = PBXFileReference; lastKnownFileType = text.plist.xml; path = Info.plist; sourceTree = "<group>"; };
		328D92D71AE25B76006BDD04 /* main.m */ = {isa = PBXFileReference; lastKnownFileType = sourcecode.c.objc; path = main.m; sourceTree = "<group>"; };
		328D92E31AE25B76006BDD04 /* Base */ = {isa = PBXFileReference; lastKnownFileType = file.storyboard; name = Base; path = Base.lproj/Main.storyboard; sourceTree = "<group>"; };
		328D92E81AE25B76006BDD04 /* Base */ = {isa = PBXFileReference; lastKnownFileType = file.xib; name = Base; path = Base.lproj/LaunchScreen.xib; sourceTree = "<group>"; };
		328D92EE1AE25B76006BDD04 /* TestAPIv4Tests.xctest */ = {isa = PBXFileReference; explicitFileType = wrapper.cfbundle; includeInIndex = 0; path = TestAPIv4Tests.xctest; sourceTree = BUILT_PRODUCTS_DIR; };
		328D92F31AE25B76006BDD04 /* Info.plist */ = {isa = PBXFileReference; lastKnownFileType = text.plist.xml; path = Info.plist; sourceTree = "<group>"; };
		328D92F41AE25B76006BDD04 /* TestAPIv4Tests.m */ = {isa = PBXFileReference; lastKnownFileType = sourcecode.c.objc; path = TestAPIv4Tests.m; sourceTree = "<group>"; };
/* End PBXFileReference section */

/* Begin PBXFrameworksBuildPhase section */
		328D92CF1AE25B76006BDD04 /* Frameworks */ = {
			isa = PBXFrameworksBuildPhase;
			buildActionMask = 2147483647;
			files = (
			);
			runOnlyForDeploymentPostprocessing = 0;
		};
		328D92EB1AE25B76006BDD04 /* Frameworks */ = {
			isa = PBXFrameworksBuildPhase;
			buildActionMask = 2147483647;
			files = (
			);
			runOnlyForDeploymentPostprocessing = 0;
		};
/* End PBXFrameworksBuildPhase section */

/* Begin PBXGroup section */
		2C0CC6AC1B52CDBE00A06E1B /* UIFont+AppFont */ = {
			isa = PBXGroup;
			children = (
				2C0CC6AD1B52CDBE00A06E1B /* UIFont+AppFont.h */,
				2C0CC6AE1B52CDBE00A06E1B /* UIFont+AppFont.m */,
			);
			path = "UIFont+AppFont";
			sourceTree = "<group>";
		};
		2CB73DE31B54EB8A004B01B7 /* PropertyList */ = {
			isa = PBXGroup;
			children = (
				2CB73DE41B54EB8A004B01B7 /* all_stations.plist */,
				2CB73DE51B54EB8A004B01B7 /* wagon_types.plist */,
			);
			name = PropertyList;
			path = Resources/PropertyList;
			sourceTree = "<group>";
		};
		2CB73DEB1B54EC83004B01B7 /* NSDictionary+WagonTypes */ = {
			isa = PBXGroup;
			children = (
				2CB73DE81B54EC79004B01B7 /* NSDictionary+WagonTypes.h */,
				2CB73DE91B54EC79004B01B7 /* NSDictionary+WagonTypes.m */,
			);
			name = "NSDictionary+WagonTypes";
			sourceTree = "<group>";
		};
		2CB73DEF1B54FDEF004B01B7 /* NSDateFormatter+SetDateFormat */ = {
			isa = PBXGroup;
			children = (
				2CB73DF01B54FDEF004B01B7 /* NSDateFormatter+SetDateFormat.h */,
				2CB73DF11B54FDEF004B01B7 /* NSDateFormatter+SetDateFormat.m */,
			);
			path = "NSDateFormatter+SetDateFormat";
			sourceTree = "<group>";
		};
		2CB73DF61B5508B0004B01B7 /* NSString+AppDateManager */ = {
			isa = PBXGroup;
			children = (
				2CB73DF31B550883004B01B7 /* NSString+AppDateManager.h */,
				2CB73DF41B550883004B01B7 /* NSString+AppDateManager.m */,
			);
			name = "NSString+AppDateManager";
			sourceTree = "<group>";
		};
		2CD667BE1B543E1200C945C1 /* NSDate+AddDay */ = {
			isa = PBXGroup;
			children = (
				2CD667BB1B542E2600C945C1 /* NSDate+AddDay.h */,
				2CD667BC1B542E2600C945C1 /* NSDate+AddDay.m */,
			);
			name = "NSDate+AddDay";
			sourceTree = "<group>";
		};
		2CDA00001B526AE2003E2D27 /* ChoiseStationController */ = {
			isa = PBXGroup;
			children = (
				2CDA00011B526AE2003E2D27 /* ChoiseStationController.h */,
				2CDA00021B526AE2003E2D27 /* ChoiseStationController.m */,
			);
			name = ChoiseStationController;
			path = Controllers/ChoiseStationController;
			sourceTree = "<group>";
		};
		2CDA00041B526AF6003E2D27 /* DateDepartureController */ = {
			isa = PBXGroup;
			children = (
				2CDA00051B526AF6003E2D27 /* DateDepartureController.h */,
				2CDA00061B526AF6003E2D27 /* DateDepartureController.m */,
			);
			name = DateDepartureController;
			path = Controllers/DateDepartureController;
			sourceTree = "<group>";
		};
		2CDA00081B526B0B003E2D27 /* RoutesController */ = {
			isa = PBXGroup;
			children = (
				2CDA00091B526B0B003E2D27 /* RoutesController.h */,
				2CDA000A1B526B0B003E2D27 /* RoutesController.m */,
			);
			name = RoutesController;
			path = Controllers/RoutesController;
			sourceTree = "<group>";
		};
		2CDA000C1B526B1D003E2D27 /* SchemeController */ = {
			isa = PBXGroup;
			children = (
				2CDA000D1B526B1D003E2D27 /* SchemeController.h */,
				2CDA000E1B526B1D003E2D27 /* SchemeController.m */,
			);
			name = SchemeController;
			path = Controllers/SchemeController;
			sourceTree = "<group>";
		};
		2CDA00101B526B2B003E2D27 /* WebViewController */ = {
			isa = PBXGroup;
			children = (
				2CDA00111B526B2B003E2D27 /* WebViewController.h */,
				2CDA00121B526B2B003E2D27 /* WebViewController.m */,
			);
			name = WebViewController;
			path = Controllers/WebViewController;
			sourceTree = "<group>";
		};
		2CDA00141B526B4B003E2D27 /* MyTicketsController */ = {
			isa = PBXGroup;
			children = (
				2CDA00151B526B4B003E2D27 /* MyTicketsController.h */,
				2CDA00161B526B4B003E2D27 /* MyTicketsController.m */,
			);
			name = MyTicketsController;
			path = Controllers/MyTicketsController;
			sourceTree = "<group>";
		};
		2CDA00181B526B64003E2D27 /* MoreController */ = {
			isa = PBXGroup;
			children = (
				2CDA00191B526B64003E2D27 /* MoreController.h */,
				2CDA001A1B526B64003E2D27 /* MoreController.m */,
			);
			name = MoreController;
			path = Controllers/MoreController;
			sourceTree = "<group>";
		};
		2CDA001C1B526BD6003E2D27 /* NSArray+Stations */ = {
			isa = PBXGroup;
			children = (
				2CDA001D1B526BD6003E2D27 /* NSArray+Stations.h */,
				2CDA001E1B526BD6003E2D27 /* NSArray+Stations.m */,
			);
			path = "NSArray+Stations";
			sourceTree = "<group>";
		};
		2CDA00201B526BDD003E2D27 /* NSString+ContainsStrModernizer */ = {
			isa = PBXGroup;
			children = (
				2CDA00211B526BDD003E2D27 /* NSString+ContainsStrModernizer.h */,
				2CDA00221B526BDD003E2D27 /* NSString+ContainsStrModernizer.m */,
			);
			path = "NSString+ContainsStrModernizer";
			sourceTree = "<group>";
		};
		2CDA00281B526BEB003E2D27 /* NSURLRequest+IgnoreSSL */ = {
			isa = PBXGroup;
			children = (
				2CDA00291B526BEB003E2D27 /* NSURLRequest+IgnoreSSL.h */,
				2CDA002A1B526BEB003E2D27 /* NSURLRequest+IgnoreSSL.m */,
			);
			path = "NSURLRequest+IgnoreSSL";
			sourceTree = "<group>";
		};
		2CDA002C1B526BF1003E2D27 /* UIColor+ConvertHEX */ = {
			isa = PBXGroup;
			children = (
				2CDA002D1B526BF1003E2D27 /* UIColor+ConvertHEX.h */,
				2CDA002E1B526BF1003E2D27 /* UIColor+ConvertHEX.m */,
			);
			path = "UIColor+ConvertHEX";
			sourceTree = "<group>";
		};
		2CDA00301B526BF7003E2D27 /* UIImage+ImageWithColor */ = {
			isa = PBXGroup;
			children = (
				2CDA00311B526BF7003E2D27 /* UIImage+ImageWithColor.h */,
				2CDA00321B526BF7003E2D27 /* UIImage+ImageWithColor.m */,
			);
			path = "UIImage+ImageWithColor";
			sourceTree = "<group>";
		};
		2CDA00341B526C2E003E2D27 /* PricesManager */ = {
			isa = PBXGroup;
			children = (
				2CDA00351B526C2E003E2D27 /* PricesManager.h */,
				2CDA00361B526C2E003E2D27 /* PricesManager.m */,
			);
			path = PricesManager;
			sourceTree = "<group>";
		};
		2CDA00381B526C34003E2D27 /* SessionManager */ = {
			isa = PBXGroup;
			children = (
				2CDA00391B526C34003E2D27 /* SessionManager.h */,
				2CDA003A1B526C34003E2D27 /* SessionManager.m */,
			);
			path = SessionManager;
			sourceTree = "<group>";
		};
		2CDAFFF21B5269D4003E2D27 /* AppDelegate */ = {
			isa = PBXGroup;
			children = (
				2CDAFFF31B5269D4003E2D27 /* AppDelegate.h */,
				2CDAFFF41B5269D4003E2D27 /* AppDelegate.m */,
			);
			path = AppDelegate;
			sourceTree = "<group>";
		};
		2CDAFFF81B526ABE003E2D27 /* PreStartController */ = {
			isa = PBXGroup;
			children = (
				2CDAFFF91B526ABE003E2D27 /* PreStartController.h */,
				2CDAFFFA1B526ABE003E2D27 /* PreStartController.m */,
			);
			name = PreStartController;
			path = Controllers/PreStartController;
			sourceTree = "<group>";
		};
		2CDAFFFC1B526ACF003E2D27 /* StartController */ = {
			isa = PBXGroup;
			children = (
				2CDAFFFD1B526ACF003E2D27 /* StartController.h */,
				2CDAFFFE1B526ACF003E2D27 /* StartController.m */,
			);
			name = StartController;
			path = Controllers/StartController;
			sourceTree = "<group>";
		};
		2CE045D61B527BFD00DBC8A3 /* CustomButton */ = {
			isa = PBXGroup;
			children = (
				2CE045D71B527BFD00DBC8A3 /* CustomButton.h */,
				2CE045D81B527BFD00DBC8A3 /* CustomButton.m */,
			);
			path = CustomButton;
			sourceTree = "<group>";
		};
		2CE045DA1B527C0500DBC8A3 /* RoutesCustomCell */ = {
			isa = PBXGroup;
			children = (
				2CE045DB1B527C0500DBC8A3 /* RoutesCustomCell.h */,
				2CE045DC1B527C0500DBC8A3 /* RoutesCustomCell.m */,
				2CE045DD1B527C0500DBC8A3 /* RoutesCustomCell.xib */,
			);
			path = RoutesCustomCell;
			sourceTree = "<group>";
		};
		2CE045E01B527C0B00DBC8A3 /* SchemeType40 */ = {
			isa = PBXGroup;
			children = (
				2CE045E11B527C0B00DBC8A3 /* SchemeType40.h */,
				2CE045E21B527C0B00DBC8A3 /* SchemeType40.m */,
				2CE045E31B527C0B00DBC8A3 /* SchemeType40.xib */,
			);
			path = SchemeType40;
			sourceTree = "<group>";
		};
		2CE045E61B527C1300DBC8A3 /* SplashSegue */ = {
			isa = PBXGroup;
			children = (
				2CE045E71B527C1300DBC8A3 /* SplashSegue.h */,
				2CE045E81B527C1300DBC8A3 /* SplashSegue.m */,
			);
			path = SplashSegue;
			sourceTree = "<group>";
		};
		3202F4D41AE52376006563FD /* AFNetworking 2.5.2 */ = {
			isa = PBXGroup;
			children = (
				3202F4D51AE52376006563FD /* AFHTTPRequestOperation.h */,
				3202F4D61AE52376006563FD /* AFHTTPRequestOperation.m */,
				3202F4D71AE52376006563FD /* AFHTTPRequestOperationManager.h */,
				3202F4D81AE52376006563FD /* AFHTTPRequestOperationManager.m */,
				3202F4D91AE52376006563FD /* AFHTTPSessionManager.h */,
				3202F4DA1AE52376006563FD /* AFHTTPSessionManager.m */,
				3202F4DB1AE52376006563FD /* AFNetworking.h */,
				3202F4DC1AE52376006563FD /* AFNetworkReachabilityManager.h */,
				3202F4DD1AE52376006563FD /* AFNetworkReachabilityManager.m */,
				3202F4DE1AE52376006563FD /* AFSecurityPolicy.h */,
				3202F4DF1AE52376006563FD /* AFSecurityPolicy.m */,
				3202F4E01AE52376006563FD /* AFURLConnectionOperation.h */,
				3202F4E11AE52376006563FD /* AFURLConnectionOperation.m */,
				3202F4E21AE52376006563FD /* AFURLRequestSerialization.h */,
				3202F4E31AE52376006563FD /* AFURLRequestSerialization.m */,
				3202F4E41AE52376006563FD /* AFURLResponseSerialization.h */,
				3202F4E51AE52376006563FD /* AFURLResponseSerialization.m */,
				3202F4E61AE52376006563FD /* AFURLSessionManager.h */,
				3202F4E71AE52376006563FD /* AFURLSessionManager.m */,
			);
			name = "AFNetworking 2.5.2";
			path = TestAPIv4/Frameworks/AFNetworking;
			sourceTree = "<group>";
		};
		321F7D731AE26968005DAEFE /* Controllers */ = {
			isa = PBXGroup;
			children = (
				321F7D741AE27207005DAEFE /* BuyTickets Tab */,
				321F7E001AE276BE005DAEFE /* MyTickets Tab */,
				321F7E011AE276D2005DAEFE /* More Tab */,
			);
			name = Controllers;
			sourceTree = "<group>";
		};
		321F7D741AE27207005DAEFE /* BuyTickets Tab */ = {
			isa = PBXGroup;
			children = (
				2CDAFFF81B526ABE003E2D27 /* PreStartController */,
				2CDAFFFC1B526ACF003E2D27 /* StartController */,
				2CDA00001B526AE2003E2D27 /* ChoiseStationController */,
				2CDA00041B526AF6003E2D27 /* DateDepartureController */,
				2CDA00081B526B0B003E2D27 /* RoutesController */,
				2CDA000C1B526B1D003E2D27 /* SchemeController */,
				2CDA00101B526B2B003E2D27 /* WebViewController */,
			);
			name = "BuyTickets Tab";
			sourceTree = "<group>";
		};
		321F7D7B1AE27257005DAEFE /* Frameworks */ = {
			isa = PBXGroup;
			children = (
				3202F4D41AE52376006563FD /* AFNetworking 2.5.2 */,
				321F7D901AE272BB005DAEFE /* DejalActivityView */,
				321F7D931AE272BB005DAEFE /* RSDayFlow */,
				321F7DA31AE272BB005DAEFE /* UIKit+AFNetworking */,
			);
			name = Frameworks;
			path = ..;
			sourceTree = "<group>";
		};
		321F7D901AE272BB005DAEFE /* DejalActivityView */ = {
			isa = PBXGroup;
			children = (
				321F7D911AE272BB005DAEFE /* DejalActivityView.h */,
				321F7D921AE272BB005DAEFE /* DejalActivityView.m */,
			);
			name = DejalActivityView;
			path = TestAPIv4/Frameworks/DejalActivityView;
			sourceTree = "<group>";
		};
		321F7D931AE272BB005DAEFE /* RSDayFlow */ = {
			isa = PBXGroup;
			children = (
				321F7D941AE272BB005DAEFE /* NSCalendar+RSDFAdditions.h */,
				321F7D951AE272BB005DAEFE /* NSCalendar+RSDFAdditions.m */,
				321F7D961AE272BB005DAEFE /* RSDayFlow.h */,
				321F7D971AE272BB005DAEFE /* RSDFDatePickerCollectionView.h */,
				321F7D981AE272BB005DAEFE /* RSDFDatePickerCollectionView.m */,
				321F7D991AE272BB005DAEFE /* RSDFDatePickerCollectionViewLayout.h */,
				321F7D9A1AE272BB005DAEFE /* RSDFDatePickerCollectionViewLayout.m */,
				321F7D9B1AE272BB005DAEFE /* RSDFDatePickerDayCell.h */,
				321F7D9C1AE272BB005DAEFE /* RSDFDatePickerDayCell.m */,
				321F7D9D1AE272BB005DAEFE /* RSDFDatePickerDaysOfWeekView.h */,
				321F7D9E1AE272BB005DAEFE /* RSDFDatePickerDaysOfWeekView.m */,
				321F7D9F1AE272BB005DAEFE /* RSDFDatePickerMonthHeader.h */,
				321F7DA01AE272BB005DAEFE /* RSDFDatePickerMonthHeader.m */,
				321F7DA11AE272BB005DAEFE /* RSDFDatePickerView.h */,
				321F7DA21AE272BB005DAEFE /* RSDFDatePickerView.m */,
			);
			name = RSDayFlow;
			path = TestAPIv4/Frameworks/RSDayFlow;
			sourceTree = "<group>";
		};
		321F7DA31AE272BB005DAEFE /* UIKit+AFNetworking */ = {
			isa = PBXGroup;
			children = (
				321F7DA41AE272BB005DAEFE /* AFNetworkActivityIndicatorManager.h */,
				321F7DA51AE272BB005DAEFE /* AFNetworkActivityIndicatorManager.m */,
				321F7DA61AE272BB005DAEFE /* UIActivityIndicatorView+AFNetworking.h */,
				321F7DA71AE272BB005DAEFE /* UIActivityIndicatorView+AFNetworking.m */,
				321F7DA81AE272BB005DAEFE /* UIAlertView+AFNetworking.h */,
				321F7DA91AE272BB005DAEFE /* UIAlertView+AFNetworking.m */,
				321F7DAA1AE272BB005DAEFE /* UIButton+AFNetworking.h */,
				321F7DAB1AE272BB005DAEFE /* UIButton+AFNetworking.m */,
				321F7DAC1AE272BB005DAEFE /* UIImageView+AFNetworking.h */,
				321F7DAD1AE272BB005DAEFE /* UIImageView+AFNetworking.m */,
				321F7DAE1AE272BB005DAEFE /* UIKit+AFNetworking.h */,
				321F7DAF1AE272BB005DAEFE /* UIProgressView+AFNetworking.h */,
				321F7DB01AE272BB005DAEFE /* UIProgressView+AFNetworking.m */,
				321F7DB11AE272BB005DAEFE /* UIRefreshControl+AFNetworking.h */,
				321F7DB21AE272BB005DAEFE /* UIRefreshControl+AFNetworking.m */,
				321F7DB31AE272BB005DAEFE /* UIWebView+AFNetworking.h */,
				321F7DB41AE272BB005DAEFE /* UIWebView+AFNetworking.m */,
			);
			name = "UIKit+AFNetworking";
			path = "TestAPIv4/Frameworks/UIKit+AFNetworking";
			sourceTree = "<group>";
		};
		321F7DCE1AE27324005DAEFE /* Categories */ = {
			isa = PBXGroup;
			children = (
				2CB73DEF1B54FDEF004B01B7 /* NSDateFormatter+SetDateFormat */,
				2C0CC6AC1B52CDBE00A06E1B /* UIFont+AppFont */,
				2CDA00301B526BF7003E2D27 /* UIImage+ImageWithColor */,
				2CDA002C1B526BF1003E2D27 /* UIColor+ConvertHEX */,
				2CDA00281B526BEB003E2D27 /* NSURLRequest+IgnoreSSL */,
				2CDA00201B526BDD003E2D27 /* NSString+ContainsStrModernizer */,
				2CDA001C1B526BD6003E2D27 /* NSArray+Stations */,
				2CD667BE1B543E1200C945C1 /* NSDate+AddDay */,
				2CB73DEB1B54EC83004B01B7 /* NSDictionary+WagonTypes */,
				2CB73DF61B5508B0004B01B7 /* NSString+AppDateManager */,
			);
			path = Categories;
			sourceTree = "<group>";
		};
		321F7DE11AE2757D005DAEFE /* Managers */ = {
			isa = PBXGroup;
			children = (
				2CDA00381B526C34003E2D27 /* SessionManager */,
				2CDA00341B526C2E003E2D27 /* PricesManager */,
			);
			path = Managers;
			sourceTree = "<group>";
		};
		321F7DF21AE27680005DAEFE /* Views */ = {
			isa = PBXGroup;
			children = (
				2CE045E61B527C1300DBC8A3 /* SplashSegue */,
				2CE045E01B527C0B00DBC8A3 /* SchemeType40 */,
				2CE045DA1B527C0500DBC8A3 /* RoutesCustomCell */,
				2CE045D61B527BFD00DBC8A3 /* CustomButton */,
			);
			path = Views;
			sourceTree = "<group>";
		};
		321F7E001AE276BE005DAEFE /* MyTickets Tab */ = {
			isa = PBXGroup;
			children = (
				2CDA00141B526B4B003E2D27 /* MyTicketsController */,
			);
			name = "MyTickets Tab";
			sourceTree = "<group>";
		};
		321F7E011AE276D2005DAEFE /* More Tab */ = {
			isa = PBXGroup;
			children = (
				2CDA00181B526B64003E2D27 /* MoreController */,
			);
			name = "More Tab";
			sourceTree = "<group>";
		};
		321F7E021AE27850005DAEFE /* Models */ = {
			isa = PBXGroup;
			children = (
				321F7E031AE27850005DAEFE /* Route.h */,
				321F7E041AE27850005DAEFE /* Route.m */,
			);
			path = Models;
			sourceTree = "<group>";
		};
		321F7E061AE28317005DAEFE /* Roboto Font Collection */ = {
			isa = PBXGroup;
			children = (
				321F7E071AE28317005DAEFE /* Roboto-Black.ttf */,
				321F7E081AE28317005DAEFE /* Roboto-BlackItalic.ttf */,
				321F7E091AE28317005DAEFE /* Roboto-Bold.ttf */,
				321F7E0A1AE28317005DAEFE /* Roboto-BoldItalic.ttf */,
				321F7E0B1AE28317005DAEFE /* Roboto-Italic.ttf */,
				321F7E0C1AE28317005DAEFE /* Roboto-Light.ttf */,
				321F7E0D1AE28317005DAEFE /* Roboto-LightItalic.ttf */,
				321F7E0E1AE28317005DAEFE /* Roboto-Medium.ttf */,
				321F7E0F1AE28317005DAEFE /* Roboto-MediumItalic.ttf */,
				321F7E101AE28317005DAEFE /* Roboto-Regular.ttf */,
				321F7E111AE28317005DAEFE /* Roboto-Thin.ttf */,
				321F7E121AE28317005DAEFE /* Roboto-ThinItalic.ttf */,
				321F7E131AE28317005DAEFE /* RobotoCondensed-Bold.ttf */,
				321F7E141AE28317005DAEFE /* RobotoCondensed-BoldItalic.ttf */,
				321F7E151AE28317005DAEFE /* RobotoCondensed-Italic.ttf */,
				321F7E161AE28317005DAEFE /* RobotoCondensed-Light.ttf */,
				321F7E171AE28317005DAEFE /* RobotoCondensed-LightItalic.ttf */,
				321F7E181AE28317005DAEFE /* RobotoCondensed-Regular.ttf */,
			);
			name = "Roboto Font Collection";
			path = "Resources/Roboto Font Collection";
			sourceTree = "<group>";
		};
		321F7E2B1AE28326005DAEFE /* Resources */ = {
			isa = PBXGroup;
			children = (
				2CDAFFF01B526970003E2D27 /* Images.xcassets */,
				2CDAFFEE1B5268E6003E2D27 /* Localizable.strings */,
				2CB73DE31B54EB8A004B01B7 /* PropertyList */,
				321F7E061AE28317005DAEFE /* Roboto Font Collection */,
			);
			name = Resources;
			sourceTree = "<group>";
		};
		328D92C91AE25B76006BDD04 = {
			isa = PBXGroup;
			children = (
				328D92D41AE25B76006BDD04 /* TestAPIv4 */,
				328D92F11AE25B76006BDD04 /* TestAPIv4Tests */,
				328D92D31AE25B76006BDD04 /* Products */,
			);
			sourceTree = "<group>";
		};
		328D92D31AE25B76006BDD04 /* Products */ = {
			isa = PBXGroup;
			children = (
				328D92D21AE25B76006BDD04 /* TestAPIv4.app */,
				328D92EE1AE25B76006BDD04 /* TestAPIv4Tests.xctest */,
			);
			name = Products;
			sourceTree = "<group>";
		};
		328D92D41AE25B76006BDD04 /* TestAPIv4 */ = {
			isa = PBXGroup;
			children = (
				2CDAFFF21B5269D4003E2D27 /* AppDelegate */,
				321F7D7B1AE27257005DAEFE /* Frameworks */,
				321F7DE11AE2757D005DAEFE /* Managers */,
				321F7E021AE27850005DAEFE /* Models */,
				321F7DCE1AE27324005DAEFE /* Categories */,
				321F7D731AE26968005DAEFE /* Controllers */,
				321F7DF21AE27680005DAEFE /* Views */,
				321F7E2B1AE28326005DAEFE /* Resources */,
				328D92E21AE25B76006BDD04 /* Main.storyboard */,
				328D92E71AE25B76006BDD04 /* LaunchScreen.xib */,
				328D92D51AE25B76006BDD04 /* Supporting Files */,
			);
			path = TestAPIv4;
			sourceTree = "<group>";
		};
		328D92D51AE25B76006BDD04 /* Supporting Files */ = {
			isa = PBXGroup;
			children = (
				2CDAFFE51B525FA3003E2D27 /* Constants.h */,
				2CDAFFE61B525FA3003E2D27 /* PrefixHeader.pch */,
				328D92D61AE25B76006BDD04 /* Info.plist */,
				328D92D71AE25B76006BDD04 /* main.m */,
			);
			name = "Supporting Files";
			sourceTree = "<group>";
		};
		328D92F11AE25B76006BDD04 /* TestAPIv4Tests */ = {
			isa = PBXGroup;
			children = (
				328D92F41AE25B76006BDD04 /* TestAPIv4Tests.m */,
				328D92F21AE25B76006BDD04 /* Supporting Files */,
			);
			path = TestAPIv4Tests;
			sourceTree = "<group>";
		};
		328D92F21AE25B76006BDD04 /* Supporting Files */ = {
			isa = PBXGroup;
			children = (
				328D92F31AE25B76006BDD04 /* Info.plist */,
			);
			name = "Supporting Files";
			sourceTree = "<group>";
		};
/* End PBXGroup section */

/* Begin PBXNativeTarget section */
		328D92D11AE25B76006BDD04 /* TestAPIv4 */ = {
			isa = PBXNativeTarget;
			buildConfigurationList = 328D92F81AE25B76006BDD04 /* Build configuration list for PBXNativeTarget "TestAPIv4" */;
			buildPhases = (
				328D92CE1AE25B76006BDD04 /* Sources */,
				328D92CF1AE25B76006BDD04 /* Frameworks */,
				328D92D01AE25B76006BDD04 /* Resources */,
			);
			buildRules = (
			);
			dependencies = (
			);
			name = TestAPIv4;
			productName = TestAPIv4;
			productReference = 328D92D21AE25B76006BDD04 /* TestAPIv4.app */;
			productType = "com.apple.product-type.application";
		};
		328D92ED1AE25B76006BDD04 /* TestAPIv4Tests */ = {
			isa = PBXNativeTarget;
			buildConfigurationList = 328D92FB1AE25B76006BDD04 /* Build configuration list for PBXNativeTarget "TestAPIv4Tests" */;
			buildPhases = (
				328D92EA1AE25B76006BDD04 /* Sources */,
				328D92EB1AE25B76006BDD04 /* Frameworks */,
				328D92EC1AE25B76006BDD04 /* Resources */,
			);
			buildRules = (
			);
			dependencies = (
				328D92F01AE25B76006BDD04 /* PBXTargetDependency */,
			);
			name = TestAPIv4Tests;
			productName = TestAPIv4Tests;
			productReference = 328D92EE1AE25B76006BDD04 /* TestAPIv4Tests.xctest */;
			productType = "com.apple.product-type.bundle.unit-test";
		};
/* End PBXNativeTarget section */

/* Begin PBXProject section */
		328D92CA1AE25B76006BDD04 /* Project object */ = {
			isa = PBXProject;
			attributes = {
				LastUpgradeCheck = 0630;
				ORGANIZATIONNAME = Organization98;
				TargetAttributes = {
					328D92D11AE25B76006BDD04 = {
						CreatedOnToolsVersion = 6.3;
					};
					328D92ED1AE25B76006BDD04 = {
						CreatedOnToolsVersion = 6.3;
						TestTargetID = 328D92D11AE25B76006BDD04;
					};
				};
			};
			buildConfigurationList = 328D92CD1AE25B76006BDD04 /* Build configuration list for PBXProject "TestAPIv4" */;
			compatibilityVersion = "Xcode 3.2";
			developmentRegion = English;
			hasScannedForEncodings = 0;
			knownRegions = (
				en,
				Base,
			);
			mainGroup = 328D92C91AE25B76006BDD04;
			productRefGroup = 328D92D31AE25B76006BDD04 /* Products */;
			projectDirPath = "";
			projectRoot = "";
			targets = (
				328D92D11AE25B76006BDD04 /* TestAPIv4 */,
				328D92ED1AE25B76006BDD04 /* TestAPIv4Tests */,
			);
		};
/* End PBXProject section */

/* Begin PBXResourcesBuildPhase section */
		328D92D01AE25B76006BDD04 /* Resources */ = {
			isa = PBXResourcesBuildPhase;
			buildActionMask = 2147483647;
			files = (
				2CB73DE61B54EB8A004B01B7 /* all_stations.plist in Resources */,
				321F7E261AE28317005DAEFE /* RobotoCondensed-BoldItalic.ttf in Resources */,
				321F7E231AE28317005DAEFE /* Roboto-Thin.ttf in Resources */,
				321F7E291AE28317005DAEFE /* RobotoCondensed-LightItalic.ttf in Resources */,
				2CDAFFF11B526970003E2D27 /* Images.xcassets in Resources */,
				321F7E201AE28317005DAEFE /* Roboto-Medium.ttf in Resources */,
				2CE045E51B527C0B00DBC8A3 /* SchemeType40.xib in Resources */,
				321F7E1C1AE28317005DAEFE /* Roboto-BoldItalic.ttf in Resources */,
				2CE045DF1B527C0500DBC8A3 /* RoutesCustomCell.xib in Resources */,
				321F7E281AE28317005DAEFE /* RobotoCondensed-Light.ttf in Resources */,
				328D92E41AE25B76006BDD04 /* Main.storyboard in Resources */,
				321F7E1F1AE28317005DAEFE /* Roboto-LightItalic.ttf in Resources */,
				321F7E211AE28317005DAEFE /* Roboto-MediumItalic.ttf in Resources */,
				2CDAFFEF1B5268E6003E2D27 /* Localizable.strings in Resources */,
				321F7E1E1AE28317005DAEFE /* Roboto-Light.ttf in Resources */,
				321F7E2A1AE28317005DAEFE /* RobotoCondensed-Regular.ttf in Resources */,
				321F7E271AE28317005DAEFE /* RobotoCondensed-Italic.ttf in Resources */,
				2CB73DE71B54EB8A004B01B7 /* wagon_types.plist in Resources */,
				328D92E91AE25B76006BDD04 /* LaunchScreen.xib in Resources */,
				321F7E1A1AE28317005DAEFE /* Roboto-BlackItalic.ttf in Resources */,
				321F7E241AE28317005DAEFE /* Roboto-ThinItalic.ttf in Resources */,
				321F7E251AE28317005DAEFE /* RobotoCondensed-Bold.ttf in Resources */,
				321F7E1D1AE28317005DAEFE /* Roboto-Italic.ttf in Resources */,
				321F7E221AE28317005DAEFE /* Roboto-Regular.ttf in Resources */,
				321F7E1B1AE28317005DAEFE /* Roboto-Bold.ttf in Resources */,
				321F7E191AE28317005DAEFE /* Roboto-Black.ttf in Resources */,
			);
			runOnlyForDeploymentPostprocessing = 0;
		};
		328D92EC1AE25B76006BDD04 /* Resources */ = {
			isa = PBXResourcesBuildPhase;
			buildActionMask = 2147483647;
			files = (
			);
			runOnlyForDeploymentPostprocessing = 0;
		};
/* End PBXResourcesBuildPhase section */

/* Begin PBXSourcesBuildPhase section */
		328D92CE1AE25B76006BDD04 /* Sources */ = {
			isa = PBXSourcesBuildPhase;
			buildActionMask = 2147483647;
			files = (
				2CDA00331B526BF7003E2D27 /* UIImage+ImageWithColor.m in Sources */,
				321F7DC91AE272BB005DAEFE /* UIButton+AFNetworking.m in Sources */,
				3202F4EC1AE52376006563FD /* AFSecurityPolicy.m in Sources */,
				2CDAFFFF1B526ACF003E2D27 /* StartController.m in Sources */,
				2CDA002F1B526BF1003E2D27 /* UIColor+ConvertHEX.m in Sources */,
				321F7DCB1AE272BB005DAEFE /* UIProgressView+AFNetworking.m in Sources */,
				321F7DC01AE272BB005DAEFE /* RSDFDatePickerCollectionView.m in Sources */,
				2C0CC6AF1B52CDBE00A06E1B /* UIFont+AppFont.m in Sources */,
				321F7DCC1AE272BB005DAEFE /* UIRefreshControl+AFNetworking.m in Sources */,
				321F7DC51AE272BB005DAEFE /* RSDFDatePickerView.m in Sources */,
				2CE045E91B527C1300DBC8A3 /* SplashSegue.m in Sources */,
				2CDA000F1B526B1D003E2D27 /* SchemeController.m in Sources */,
				321F7DC41AE272BB005DAEFE /* RSDFDatePickerMonthHeader.m in Sources */,
				2CE045DE1B527C0500DBC8A3 /* RoutesCustomCell.m in Sources */,
				321F7DC61AE272BB005DAEFE /* AFNetworkActivityIndicatorManager.m in Sources */,
				2CDA003B1B526C34003E2D27 /* SessionManager.m in Sources */,
				321F7DBF1AE272BB005DAEFE /* NSCalendar+RSDFAdditions.m in Sources */,
				321F7DBE1AE272BB005DAEFE /* DejalActivityView.m in Sources */,
				321F7DC81AE272BB005DAEFE /* UIAlertView+AFNetworking.m in Sources */,
				2CB73DEA1B54EC79004B01B7 /* NSDictionary+WagonTypes.m in Sources */,
				2CDA00131B526B2B003E2D27 /* WebViewController.m in Sources */,
				2CE045E41B527C0B00DBC8A3 /* SchemeType40.m in Sources */,
				2CDA002B1B526BEB003E2D27 /* NSURLRequest+IgnoreSSL.m in Sources */,
				2CDA00031B526AE2003E2D27 /* ChoiseStationController.m in Sources */,
				328D92D81AE25B76006BDD04 /* main.m in Sources */,
				321F7DC31AE272BB005DAEFE /* RSDFDatePickerDaysOfWeekView.m in Sources */,
				3202F4EE1AE52376006563FD /* AFURLRequestSerialization.m in Sources */,
				2CDA00071B526AF6003E2D27 /* DateDepartureController.m in Sources */,
				2CD667BD1B542E2600C945C1 /* NSDate+AddDay.m in Sources */,
				2CDA001F1B526BD6003E2D27 /* NSArray+Stations.m in Sources */,
				2CDA001B1B526B64003E2D27 /* MoreController.m in Sources */,
				321F7DCA1AE272BB005DAEFE /* UIImageView+AFNetworking.m in Sources */,
				3202F4E91AE52376006563FD /* AFHTTPRequestOperationManager.m in Sources */,
				2CDA00171B526B4B003E2D27 /* MyTicketsController.m in Sources */,
				321F7DCD1AE272BB005DAEFE /* UIWebView+AFNetworking.m in Sources */,
				2CB73DF51B550883004B01B7 /* NSString+AppDateManager.m in Sources */,
				2CDA00371B526C2E003E2D27 /* PricesManager.m in Sources */,
				2CDA00231B526BDD003E2D27 /* NSString+ContainsStrModernizer.m in Sources */,
				3202F4ED1AE52376006563FD /* AFURLConnectionOperation.m in Sources */,
				3202F4F01AE52376006563FD /* AFURLSessionManager.m in Sources */,
				2CE045D91B527BFD00DBC8A3 /* CustomButton.m in Sources */,
				3202F4E81AE52376006563FD /* AFHTTPRequestOperation.m in Sources */,
				321F7E051AE27850005DAEFE /* Route.m in Sources */,
				321F7DC21AE272BB005DAEFE /* RSDFDatePickerDayCell.m in Sources */,
				2CDA000B1B526B0B003E2D27 /* RoutesController.m in Sources */,
				2CDAFFF51B5269D4003E2D27 /* AppDelegate.m in Sources */,
				3202F4EA1AE52376006563FD /* AFHTTPSessionManager.m in Sources */,
				321F7DC71AE272BB005DAEFE /* UIActivityIndicatorView+AFNetworking.m in Sources */,
				3202F4EB1AE52376006563FD /* AFNetworkReachabilityManager.m in Sources */,
				2CB73DF21B54FDEF004B01B7 /* NSDateFormatter+SetDateFormat.m in Sources */,
				3202F4EF1AE52376006563FD /* AFURLResponseSerialization.m in Sources */,
				2CDAFFFB1B526ABE003E2D27 /* PreStartController.m in Sources */,
				321F7DC11AE272BB005DAEFE /* RSDFDatePickerCollectionViewLayout.m in Sources */,
			);
			runOnlyForDeploymentPostprocessing = 0;
		};
		328D92EA1AE25B76006BDD04 /* Sources */ = {
			isa = PBXSourcesBuildPhase;
			buildActionMask = 2147483647;
			files = (
				328D92F51AE25B76006BDD04 /* TestAPIv4Tests.m in Sources */,
			);
			runOnlyForDeploymentPostprocessing = 0;
		};
/* End PBXSourcesBuildPhase section */

/* Begin PBXTargetDependency section */
		328D92F01AE25B76006BDD04 /* PBXTargetDependency */ = {
			isa = PBXTargetDependency;
			target = 328D92D11AE25B76006BDD04 /* TestAPIv4 */;
			targetProxy = 328D92EF1AE25B76006BDD04 /* PBXContainerItemProxy */;
		};
/* End PBXTargetDependency section */

/* Begin PBXVariantGroup section */
		328D92E21AE25B76006BDD04 /* Main.storyboard */ = {
			isa = PBXVariantGroup;
			children = (
				328D92E31AE25B76006BDD04 /* Base */,
			);
			name = Main.storyboard;
			sourceTree = "<group>";
		};
		328D92E71AE25B76006BDD04 /* LaunchScreen.xib */ = {
			isa = PBXVariantGroup;
			children = (
				328D92E81AE25B76006BDD04 /* Base */,
			);
			name = LaunchScreen.xib;
			sourceTree = "<group>";
		};
/* End PBXVariantGroup section */

/* Begin XCBuildConfiguration section */
		328D92F61AE25B76006BDD04 /* Debug */ = {
			isa = XCBuildConfiguration;
			buildSettings = {
				ALWAYS_SEARCH_USER_PATHS = NO;
				CLANG_CXX_LANGUAGE_STANDARD = "gnu++0x";
				CLANG_CXX_LIBRARY = "libc++";
				CLANG_ENABLE_MODULES = YES;
				CLANG_ENABLE_OBJC_ARC = YES;
				CLANG_WARN_BOOL_CONVERSION = YES;
				CLANG_WARN_CONSTANT_CONVERSION = YES;
				CLANG_WARN_DIRECT_OBJC_ISA_USAGE = YES_ERROR;
				CLANG_WARN_EMPTY_BODY = YES;
				CLANG_WARN_ENUM_CONVERSION = YES;
				CLANG_WARN_INT_CONVERSION = YES;
				CLANG_WARN_OBJC_ROOT_CLASS = YES_ERROR;
				CLANG_WARN_UNREACHABLE_CODE = YES;
				CLANG_WARN__DUPLICATE_METHOD_MATCH = YES;
				"CODE_SIGN_IDENTITY[sdk=iphoneos*]" = "iPhone Developer";
				COPY_PHASE_STRIP = NO;
				DEBUG_INFORMATION_FORMAT = "dwarf-with-dsym";
				ENABLE_STRICT_OBJC_MSGSEND = YES;
				GCC_C_LANGUAGE_STANDARD = gnu99;
				GCC_DYNAMIC_NO_PIC = NO;
				GCC_NO_COMMON_BLOCKS = YES;
				GCC_OPTIMIZATION_LEVEL = 0;
				GCC_PREPROCESSOR_DEFINITIONS = (
					"DEBUG=1",
					"$(inherited)",
				);
				GCC_SYMBOLS_PRIVATE_EXTERN = NO;
				GCC_WARN_64_TO_32_BIT_CONVERSION = YES;
				GCC_WARN_ABOUT_RETURN_TYPE = YES_ERROR;
				GCC_WARN_UNDECLARED_SELECTOR = YES;
				GCC_WARN_UNINITIALIZED_AUTOS = YES_AGGRESSIVE;
				GCC_WARN_UNUSED_FUNCTION = YES;
				GCC_WARN_UNUSED_VARIABLE = YES;
				IPHONEOS_DEPLOYMENT_TARGET = 8.3;
				MTL_ENABLE_DEBUG_INFO = YES;
				ONLY_ACTIVE_ARCH = YES;
				SDKROOT = iphoneos;
			};
			name = Debug;
		};
		328D92F71AE25B76006BDD04 /* Release */ = {
			isa = XCBuildConfiguration;
			buildSettings = {
				ALWAYS_SEARCH_USER_PATHS = NO;
				CLANG_CXX_LANGUAGE_STANDARD = "gnu++0x";
				CLANG_CXX_LIBRARY = "libc++";
				CLANG_ENABLE_MODULES = YES;
				CLANG_ENABLE_OBJC_ARC = YES;
				CLANG_WARN_BOOL_CONVERSION = YES;
				CLANG_WARN_CONSTANT_CONVERSION = YES;
				CLANG_WARN_DIRECT_OBJC_ISA_USAGE = YES_ERROR;
				CLANG_WARN_EMPTY_BODY = YES;
				CLANG_WARN_ENUM_CONVERSION = YES;
				CLANG_WARN_INT_CONVERSION = YES;
				CLANG_WARN_OBJC_ROOT_CLASS = YES_ERROR;
				CLANG_WARN_UNREACHABLE_CODE = YES;
				CLANG_WARN__DUPLICATE_METHOD_MATCH = YES;
				"CODE_SIGN_IDENTITY[sdk=iphoneos*]" = "iPhone Developer";
				COPY_PHASE_STRIP = NO;
				DEBUG_INFORMATION_FORMAT = "dwarf-with-dsym";
				ENABLE_NS_ASSERTIONS = NO;
				ENABLE_STRICT_OBJC_MSGSEND = YES;
				GCC_C_LANGUAGE_STANDARD = gnu99;
				GCC_NO_COMMON_BLOCKS = YES;
				GCC_WARN_64_TO_32_BIT_CONVERSION = YES;
				GCC_WARN_ABOUT_RETURN_TYPE = YES_ERROR;
				GCC_WARN_UNDECLARED_SELECTOR = YES;
				GCC_WARN_UNINITIALIZED_AUTOS = YES_AGGRESSIVE;
				GCC_WARN_UNUSED_FUNCTION = YES;
				GCC_WARN_UNUSED_VARIABLE = YES;
				IPHONEOS_DEPLOYMENT_TARGET = 8.3;
				MTL_ENABLE_DEBUG_INFO = NO;
				SDKROOT = iphoneos;
				VALIDATE_PRODUCT = YES;
			};
			name = Release;
		};
		328D92F91AE25B76006BDD04 /* Debug */ = {
			isa = XCBuildConfiguration;
			buildSettings = {
				ASSETCATALOG_COMPILER_APPICON_NAME = AppIcon;
				GCC_PREFIX_HEADER = TestAPIv4/SupportingFiles/PrefixHeader.pch;
				INFOPLIST_FILE = TestAPIv4/Info.plist;
				IPHONEOS_DEPLOYMENT_TARGET = 7.0;
				LD_RUNPATH_SEARCH_PATHS = "$(inherited) @executable_path/Frameworks";
				PRODUCT_NAME = "$(TARGET_NAME)";
			};
			name = Debug;
		};
		328D92FA1AE25B76006BDD04 /* Release */ = {
			isa = XCBuildConfiguration;
			buildSettings = {
				ASSETCATALOG_COMPILER_APPICON_NAME = AppIcon;
				GCC_PREFIX_HEADER = TestAPIv4/SupportingFiles/PrefixHeader.pch;
				INFOPLIST_FILE = TestAPIv4/Info.plist;
				IPHONEOS_DEPLOYMENT_TARGET = 7.0;
				LD_RUNPATH_SEARCH_PATHS = "$(inherited) @executable_path/Frameworks";
				PRODUCT_NAME = "$(TARGET_NAME)";
			};
			name = Release;
		};
		328D92FC1AE25B76006BDD04 /* Debug */ = {
			isa = XCBuildConfiguration;
			buildSettings = {
				BUNDLE_LOADER = "$(TEST_HOST)";
				FRAMEWORK_SEARCH_PATHS = (
					"$(SDKROOT)/Developer/Library/Frameworks",
					"$(inherited)",
				);
				GCC_PREPROCESSOR_DEFINITIONS = (
					"DEBUG=1",
					"$(inherited)",
				);
				INFOPLIST_FILE = TestAPIv4Tests/Info.plist;
				LD_RUNPATH_SEARCH_PATHS = "$(inherited) @executable_path/Frameworks @loader_path/Frameworks";
				PRODUCT_NAME = "$(TARGET_NAME)";
				TEST_HOST = "$(BUILT_PRODUCTS_DIR)/TestAPIv4.app/TestAPIv4";
			};
			name = Debug;
		};
		328D92FD1AE25B76006BDD04 /* Release */ = {
			isa = XCBuildConfiguration;
			buildSettings = {
				BUNDLE_LOADER = "$(TEST_HOST)";
				FRAMEWORK_SEARCH_PATHS = (
					"$(SDKROOT)/Developer/Library/Frameworks",
					"$(inherited)",
				);
				INFOPLIST_FILE = TestAPIv4Tests/Info.plist;
				LD_RUNPATH_SEARCH_PATHS = "$(inherited) @executable_path/Frameworks @loader_path/Frameworks";
				PRODUCT_NAME = "$(TARGET_NAME)";
				TEST_HOST = "$(BUILT_PRODUCTS_DIR)/TestAPIv4.app/TestAPIv4";
			};
			name = Release;
		};
/* End XCBuildConfiguration section */

/* Begin XCConfigurationList section */
		328D92CD1AE25B76006BDD04 /* Build configuration list for PBXProject "TestAPIv4" */ = {
			isa = XCConfigurationList;
			buildConfigurations = (
				328D92F61AE25B76006BDD04 /* Debug */,
				328D92F71AE25B76006BDD04 /* Release */,
			);
			defaultConfigurationIsVisible = 0;
			defaultConfigurationName = Release;
		};
		328D92F81AE25B76006BDD04 /* Build configuration list for PBXNativeTarget "TestAPIv4" */ = {
			isa = XCConfigurationList;
			buildConfigurations = (
				328D92F91AE25B76006BDD04 /* Debug */,
				328D92FA1AE25B76006BDD04 /* Release */,
			);
			defaultConfigurationIsVisible = 0;
			defaultConfigurationName = Release;
		};
		328D92FB1AE25B76006BDD04 /* Build configuration list for PBXNativeTarget "TestAPIv4Tests" */ = {
			isa = XCConfigurationList;
			buildConfigurations = (
				328D92FC1AE25B76006BDD04 /* Debug */,
				328D92FD1AE25B76006BDD04 /* Release */,
			);
			defaultConfigurationIsVisible = 0;
			defaultConfigurationName = Release;
		};
/* End XCConfigurationList section */
	};
	rootObject = 328D92CA1AE25B76006BDD04 /* Project object */;
}
